// !$*UTF8*$!
{
	archiveVersion = 1;
	classes = {
	};
	objectVersion = 56;
	objects = {

/* Begin PBXBuildFile section */
		FC3E33742C32D41D0044AB2A /* AppDelegate.swift in Sources */ = {isa = PBXBuildFile; fileRef = FC3E33732C32D41D0044AB2A /* AppDelegate.swift */; };
		FC3E33782C32D41D0044AB2A /* LoginViewController.swift in Sources */ = {isa = PBXBuildFile; fileRef = FC3E33772C32D41D0044AB2A /* LoginViewController.swift */; };
		FC3E337D2C32D41F0044AB2A /* Assets.xcassets in Resources */ = {isa = PBXBuildFile; fileRef = FC3E337C2C32D41F0044AB2A /* Assets.xcassets */; };
		FC3E33802C32D41F0044AB2A /* LaunchScreen.storyboard in Resources */ = {isa = PBXBuildFile; fileRef = FC3E337E2C32D41F0044AB2A /* LaunchScreen.storyboard */; };
		FC429FB32C3440EC00100F2E /* TabBarController.swift in Sources */ = {isa = PBXBuildFile; fileRef = FC429FB22C3440EC00100F2E /* TabBarController.swift */; };
		FC429FBA2C34421A00100F2E /* FeedViewController.swift in Sources */ = {isa = PBXBuildFile; fileRef = FC429FB92C34421A00100F2E /* FeedViewController.swift */; };
		FC429FBC2C34427300100F2E /* FeedViewModel.swift in Sources */ = {isa = PBXBuildFile; fileRef = FC429FBB2C34427300100F2E /* FeedViewModel.swift */; };
		FC429FBE2C3442AA00100F2E /* SearchViewController.swift in Sources */ = {isa = PBXBuildFile; fileRef = FC429FBD2C3442AA00100F2E /* SearchViewController.swift */; };
		FC429FC02C3442E100100F2E /* UploadViewController.swift in Sources */ = {isa = PBXBuildFile; fileRef = FC429FBF2C3442E100100F2E /* UploadViewController.swift */; };
		FC429FC22C3442FE00100F2E /* UploadViewModel.swift in Sources */ = {isa = PBXBuildFile; fileRef = FC429FC12C3442FE00100F2E /* UploadViewModel.swift */; };
		FC429FC42C34432100100F2E /* SearchViewModel.swift in Sources */ = {isa = PBXBuildFile; fileRef = FC429FC32C34432100100F2E /* SearchViewModel.swift */; };
		FC429FC62C34435100100F2E /* NotificationViewController.swift in Sources */ = {isa = PBXBuildFile; fileRef = FC429FC52C34435100100F2E /* NotificationViewController.swift */; };
		FC429FC82C34436E00100F2E /* NotificationViewModel.swift in Sources */ = {isa = PBXBuildFile; fileRef = FC429FC72C34436E00100F2E /* NotificationViewModel.swift */; };
		FC429FCA2C34439B00100F2E /* CurrentUserProfileViewController.swift in Sources */ = {isa = PBXBuildFile; fileRef = FC429FC92C34439B00100F2E /* CurrentUserProfileViewController.swift */; };
		FC429FCE2C351FB700100F2E /* FeedTableViewCell.swift in Sources */ = {isa = PBXBuildFile; fileRef = FC429FCD2C351FB700100F2E /* FeedTableViewCell.swift */; };
		FC429FD02C35200700100F2E /* UICollectionViewCell+Ex.swift in Sources */ = {isa = PBXBuildFile; fileRef = FC429FCF2C35200700100F2E /* UICollectionViewCell+Ex.swift */; };
		FC429FD22C36711400100F2E /* LeftImageTitleButtonCell.swift in Sources */ = {isa = PBXBuildFile; fileRef = FC429FD12C36711400100F2E /* LeftImageTitleButtonCell.swift */; };
		FC429FD42C367EC400100F2E /* ProfileHeaderView.swift in Sources */ = {isa = PBXBuildFile; fileRef = FC429FD32C367EC400100F2E /* ProfileHeaderView.swift */; };
		FC429FD72C368FFF00100F2E /* CustomStackViews.swift in Sources */ = {isa = PBXBuildFile; fileRef = FC429FD62C368FFF00100F2E /* CustomStackViews.swift */; };
		FC429FD92C36BEC400100F2E /* ProfileThreadsFilter.swift in Sources */ = {isa = PBXBuildFile; fileRef = FC429FD82C36BEC400100F2E /* ProfileThreadsFilter.swift */; };
		FC429FDC2C36C82A00100F2E /* CustomUIViews.swift in Sources */ = {isa = PBXBuildFile; fileRef = FC429FDB2C36C82A00100F2E /* CustomUIViews.swift */; };
		FC429FDF2C36F34200100F2E /* CustomTapGestureRecognizer.swift in Sources */ = {isa = PBXBuildFile; fileRef = FC429FDE2C36F34200100F2E /* CustomTapGestureRecognizer.swift */; };
		FC429FE22C36FEAF00100F2E /* EditProfileViewController.swift in Sources */ = {isa = PBXBuildFile; fileRef = FC429FE12C36FEAF00100F2E /* EditProfileViewController.swift */; };
		FC429FE52C3748CF00100F2E /* User.swift in Sources */ = {isa = PBXBuildFile; fileRef = FC429FE42C3748CF00100F2E /* User.swift */; };
		FC429FE72C374C8A00100F2E /* UserService.swift in Sources */ = {isa = PBXBuildFile; fileRef = FC429FE62C374C8A00100F2E /* UserService.swift */; };
		FC429FE92C3A624900100F2E /* EditProfileViewModel.swift in Sources */ = {isa = PBXBuildFile; fileRef = FC429FE82C3A624900100F2E /* EditProfileViewModel.swift */; };
		FC429FEC2C3D70E300100F2E /* StorageService.swift in Sources */ = {isa = PBXBuildFile; fileRef = FC429FEB2C3D70E300100F2E /* StorageService.swift */; };
		FC51F7192C3DA1BB00439952 /* FirebaseAuth in Frameworks */ = {isa = PBXBuildFile; productRef = FC51F7182C3DA1BB00439952 /* FirebaseAuth */; };
		FC51F71B2C3DA1C100439952 /* FirebaseFirestore in Frameworks */ = {isa = PBXBuildFile; productRef = FC51F71A2C3DA1C100439952 /* FirebaseFirestore */; };
		FC51F71D2C3DA1CC00439952 /* FirebaseStorage in Frameworks */ = {isa = PBXBuildFile; productRef = FC51F71C2C3DA1CC00439952 /* FirebaseStorage */; };
		FC51F71F2C3DAA0B00439952 /* FirebaseFirestoreSwift in Frameworks */ = {isa = PBXBuildFile; productRef = FC51F71E2C3DAA0B00439952 /* FirebaseFirestoreSwift */; };
		FC51F7222C3DB3D000439952 /* Kingfisher in Frameworks */ = {isa = PBXBuildFile; productRef = FC51F7212C3DB3D000439952 /* Kingfisher */; };
		FC51F7262C3FECF500439952 /* GuestUserProfileViewController.swift in Sources */ = {isa = PBXBuildFile; fileRef = FC51F7252C3FECF500439952 /* GuestUserProfileViewController.swift */; };
		FC51F7282C3FED1C00439952 /* UserProfileViewModel.swift in Sources */ = {isa = PBXBuildFile; fileRef = FC51F7272C3FED1C00439952 /* UserProfileViewModel.swift */; };
		FC51F72D2C42BFD800439952 /* ThreadsService.swift in Sources */ = {isa = PBXBuildFile; fileRef = FC51F72C2C42BFD800439952 /* ThreadsService.swift */; };
		FC51F72F2C42C01A00439952 /* Thread.swift in Sources */ = {isa = PBXBuildFile; fileRef = FC51F72E2C42C01A00439952 /* Thread.swift */; };
		FC51F7322C43B2D400439952 /* UserImageView .swift in Sources */ = {isa = PBXBuildFile; fileRef = FC51F7312C43B2D400439952 /* UserImageView .swift */; };
		FC51F7352C455A4000439952 /* MoreViewController.swift in Sources */ = {isa = PBXBuildFile; fileRef = FC51F7342C455A4000439952 /* MoreViewController.swift */; };
		FC51F7372C455A7000439952 /* MoreViewModel.swift in Sources */ = {isa = PBXBuildFile; fileRef = FC51F7362C455A7000439952 /* MoreViewModel.swift */; };
		FC51F7392C455EB600439952 /* MoreTVCell.swift in Sources */ = {isa = PBXBuildFile; fileRef = FC51F7382C455EB600439952 /* MoreTVCell.swift */; };
		FC51F73C2C48079400439952 /* CommnetsVC.swift in Sources */ = {isa = PBXBuildFile; fileRef = FC51F73B2C48079400439952 /* CommnetsVC.swift */; };
		FC51F73E2C4807A400439952 /* CommentsVM.swift in Sources */ = {isa = PBXBuildFile; fileRef = FC51F73D2C4807A400439952 /* CommentsVM.swift */; };
		FC94B9EA2C33E34F0073A0F7 /* InputTextField.swift in Sources */ = {isa = PBXBuildFile; fileRef = FC94B9E92C33E34F0073A0F7 /* InputTextField.swift */; };
		FC94B9ED2C33E4BC0073A0F7 /* SecureTextField.swift in Sources */ = {isa = PBXBuildFile; fileRef = FC94B9EC2C33E4BC0073A0F7 /* SecureTextField.swift */; };
		FC94B9F02C33E55D0073A0F7 /* SnapKit in Frameworks */ = {isa = PBXBuildFile; productRef = FC94B9EF2C33E55D0073A0F7 /* SnapKit */; };
		FC94B9F42C33E5AC0073A0F7 /* Localizable.strings in Resources */ = {isa = PBXBuildFile; fileRef = FC94B9F62C33E5AC0073A0F7 /* Localizable.strings */; };
		FC94B9FB2C33E7A00073A0F7 /* BaseButton.swift in Sources */ = {isa = PBXBuildFile; fileRef = FC94B9FA2C33E7A00073A0F7 /* BaseButton.swift */; };
		FC94B9FF2C33EC780073A0F7 /* LocalizationService.swift in Sources */ = {isa = PBXBuildFile; fileRef = FC94B9FE2C33EC780073A0F7 /* LocalizationService.swift */; };
		FC94BA022C33ECBB0073A0F7 /* String+Ex.swift in Sources */ = {isa = PBXBuildFile; fileRef = FC94BA012C33ECBB0073A0F7 /* String+Ex.swift */; };
		FC94BA062C33F5BB0073A0F7 /* LoginViewModel.swift in Sources */ = {isa = PBXBuildFile; fileRef = FC94BA052C33F5BB0073A0F7 /* LoginViewModel.swift */; };
		FC94BA092C33F5D10073A0F7 /* RegisterViewController.swift in Sources */ = {isa = PBXBuildFile; fileRef = FC94BA082C33F5D10073A0F7 /* RegisterViewController.swift */; };
		FC94BA0B2C33F5DB0073A0F7 /* RegisterViewModel.swift in Sources */ = {isa = PBXBuildFile; fileRef = FC94BA0A2C33F5DB0073A0F7 /* RegisterViewModel.swift */; };
		FC94BA0E2C33F5FB0073A0F7 /* BaseViewController.swift in Sources */ = {isa = PBXBuildFile; fileRef = FC94BA0D2C33F5FB0073A0F7 /* BaseViewController.swift */; };
		FC94BA112C33F6530073A0F7 /* Router.swift in Sources */ = {isa = PBXBuildFile; fileRef = FC94BA102C33F6530073A0F7 /* Router.swift */; };
		FC94BA132C33FCC00073A0F7 /* GoogleService-Info.plist in Resources */ = {isa = PBXBuildFile; fileRef = FC94BA122C33FCC00073A0F7 /* GoogleService-Info.plist */; };
		FC94BA1F2C33FDF40073A0F7 /* AuthService.swift in Sources */ = {isa = PBXBuildFile; fileRef = FC94BA1E2C33FDF40073A0F7 /* AuthService.swift */; };
		FCF9CC152C48406C00485DE9 /* LeftImageTitleSubtitleCell.swift in Sources */ = {isa = PBXBuildFile; fileRef = FCF9CC142C48406C00485DE9 /* LeftImageTitleSubtitleCell.swift */; };
		FCF9CC172C48ECFD00485DE9 /* CenterTitleCVCell.swift in Sources */ = {isa = PBXBuildFile; fileRef = FCF9CC162C48ECFD00485DE9 /* CenterTitleCVCell.swift */; };
		FCF9CC1A2C48F7AE00485DE9 /* ActivityService.swift in Sources */ = {isa = PBXBuildFile; fileRef = FCF9CC192C48F7AE00485DE9 /* ActivityService.swift */; };
		FCF9CC1E2C49C5CD00485DE9 /* LikedViewController.swift in Sources */ = {isa = PBXBuildFile; fileRef = FCF9CC1D2C49C5CD00485DE9 /* LikedViewController.swift */; };
		FCF9CC222C4A92D900485DE9 /* CenterInputButtonView.swift in Sources */ = {isa = PBXBuildFile; fileRef = FCF9CC212C4A92D900485DE9 /* CenterInputButtonView.swift */; };
		FCF9CC252C4B1DEF00485DE9 /* InitialViewController.swift in Sources */ = {isa = PBXBuildFile; fileRef = FCF9CC242C4B1DEF00485DE9 /* InitialViewController.swift */; };
/* End PBXBuildFile section */

/* Begin PBXFileReference section */
		FC3E33702C32D41D0044AB2A /* MyThreads.app */ = {isa = PBXFileReference; explicitFileType = wrapper.application; includeInIndex = 0; path = MyThreads.app; sourceTree = BUILT_PRODUCTS_DIR; };
		FC3E33732C32D41D0044AB2A /* AppDelegate.swift */ = {isa = PBXFileReference; lastKnownFileType = sourcecode.swift; path = AppDelegate.swift; sourceTree = "<group>"; };
		FC3E33772C32D41D0044AB2A /* LoginViewController.swift */ = {isa = PBXFileReference; lastKnownFileType = sourcecode.swift; path = LoginViewController.swift; sourceTree = "<group>"; };
		FC3E337C2C32D41F0044AB2A /* Assets.xcassets */ = {isa = PBXFileReference; lastKnownFileType = folder.assetcatalog; path = Assets.xcassets; sourceTree = "<group>"; };
		FC3E337F2C32D41F0044AB2A /* Base */ = {isa = PBXFileReference; lastKnownFileType = file.storyboard; name = Base; path = Base.lproj/LaunchScreen.storyboard; sourceTree = "<group>"; };
		FC3E33812C32D41F0044AB2A /* Info.plist */ = {isa = PBXFileReference; lastKnownFileType = text.plist.xml; path = Info.plist; sourceTree = "<group>"; };
		FC429FB22C3440EC00100F2E /* TabBarController.swift */ = {isa = PBXFileReference; lastKnownFileType = sourcecode.swift; path = TabBarController.swift; sourceTree = "<group>"; };
		FC429FB92C34421A00100F2E /* FeedViewController.swift */ = {isa = PBXFileReference; lastKnownFileType = sourcecode.swift; path = FeedViewController.swift; sourceTree = "<group>"; };
		FC429FBB2C34427300100F2E /* FeedViewModel.swift */ = {isa = PBXFileReference; lastKnownFileType = sourcecode.swift; path = FeedViewModel.swift; sourceTree = "<group>"; };
		FC429FBD2C3442AA00100F2E /* SearchViewController.swift */ = {isa = PBXFileReference; lastKnownFileType = sourcecode.swift; path = SearchViewController.swift; sourceTree = "<group>"; };
		FC429FBF2C3442E100100F2E /* UploadViewController.swift */ = {isa = PBXFileReference; lastKnownFileType = sourcecode.swift; path = UploadViewController.swift; sourceTree = "<group>"; };
		FC429FC12C3442FE00100F2E /* UploadViewModel.swift */ = {isa = PBXFileReference; lastKnownFileType = sourcecode.swift; path = UploadViewModel.swift; sourceTree = "<group>"; };
		FC429FC32C34432100100F2E /* SearchViewModel.swift */ = {isa = PBXFileReference; lastKnownFileType = sourcecode.swift; path = SearchViewModel.swift; sourceTree = "<group>"; };
		FC429FC52C34435100100F2E /* NotificationViewController.swift */ = {isa = PBXFileReference; lastKnownFileType = sourcecode.swift; path = NotificationViewController.swift; sourceTree = "<group>"; };
		FC429FC72C34436E00100F2E /* NotificationViewModel.swift */ = {isa = PBXFileReference; lastKnownFileType = sourcecode.swift; path = NotificationViewModel.swift; sourceTree = "<group>"; };
		FC429FC92C34439B00100F2E /* CurrentUserProfileViewController.swift */ = {isa = PBXFileReference; lastKnownFileType = sourcecode.swift; path = CurrentUserProfileViewController.swift; sourceTree = "<group>"; };
		FC429FCD2C351FB700100F2E /* FeedTableViewCell.swift */ = {isa = PBXFileReference; lastKnownFileType = sourcecode.swift; path = FeedTableViewCell.swift; sourceTree = "<group>"; };
		FC429FCF2C35200700100F2E /* UICollectionViewCell+Ex.swift */ = {isa = PBXFileReference; lastKnownFileType = sourcecode.swift; path = "UICollectionViewCell+Ex.swift"; sourceTree = "<group>"; };
		FC429FD12C36711400100F2E /* LeftImageTitleButtonCell.swift */ = {isa = PBXFileReference; lastKnownFileType = sourcecode.swift; path = LeftImageTitleButtonCell.swift; sourceTree = "<group>"; };
		FC429FD32C367EC400100F2E /* ProfileHeaderView.swift */ = {isa = PBXFileReference; lastKnownFileType = sourcecode.swift; path = ProfileHeaderView.swift; sourceTree = "<group>"; };
		FC429FD62C368FFF00100F2E /* CustomStackViews.swift */ = {isa = PBXFileReference; lastKnownFileType = sourcecode.swift; path = CustomStackViews.swift; sourceTree = "<group>"; };
		FC429FD82C36BEC400100F2E /* ProfileThreadsFilter.swift */ = {isa = PBXFileReference; lastKnownFileType = sourcecode.swift; path = ProfileThreadsFilter.swift; sourceTree = "<group>"; };
		FC429FDB2C36C82A00100F2E /* CustomUIViews.swift */ = {isa = PBXFileReference; lastKnownFileType = sourcecode.swift; path = CustomUIViews.swift; sourceTree = "<group>"; };
		FC429FDE2C36F34200100F2E /* CustomTapGestureRecognizer.swift */ = {isa = PBXFileReference; lastKnownFileType = sourcecode.swift; path = CustomTapGestureRecognizer.swift; sourceTree = "<group>"; };
		FC429FE12C36FEAF00100F2E /* EditProfileViewController.swift */ = {isa = PBXFileReference; lastKnownFileType = sourcecode.swift; path = EditProfileViewController.swift; sourceTree = "<group>"; };
		FC429FE42C3748CF00100F2E /* User.swift */ = {isa = PBXFileReference; lastKnownFileType = sourcecode.swift; path = User.swift; sourceTree = "<group>"; };
		FC429FE62C374C8A00100F2E /* UserService.swift */ = {isa = PBXFileReference; lastKnownFileType = sourcecode.swift; path = UserService.swift; sourceTree = "<group>"; };
		FC429FE82C3A624900100F2E /* EditProfileViewModel.swift */ = {isa = PBXFileReference; lastKnownFileType = sourcecode.swift; path = EditProfileViewModel.swift; sourceTree = "<group>"; };
		FC429FEB2C3D70E300100F2E /* StorageService.swift */ = {isa = PBXFileReference; lastKnownFileType = sourcecode.swift; path = StorageService.swift; sourceTree = "<group>"; };
		FC51F7252C3FECF500439952 /* GuestUserProfileViewController.swift */ = {isa = PBXFileReference; lastKnownFileType = sourcecode.swift; path = GuestUserProfileViewController.swift; sourceTree = "<group>"; };
		FC51F7272C3FED1C00439952 /* UserProfileViewModel.swift */ = {isa = PBXFileReference; lastKnownFileType = sourcecode.swift; path = UserProfileViewModel.swift; sourceTree = "<group>"; };
		FC51F72C2C42BFD800439952 /* ThreadsService.swift */ = {isa = PBXFileReference; lastKnownFileType = sourcecode.swift; path = ThreadsService.swift; sourceTree = "<group>"; };
		FC51F72E2C42C01A00439952 /* Thread.swift */ = {isa = PBXFileReference; lastKnownFileType = sourcecode.swift; path = Thread.swift; sourceTree = "<group>"; };
		FC51F7312C43B2D400439952 /* UserImageView .swift */ = {isa = PBXFileReference; lastKnownFileType = sourcecode.swift; path = "UserImageView .swift"; sourceTree = "<group>"; };
		FC51F7342C455A4000439952 /* MoreViewController.swift */ = {isa = PBXFileReference; lastKnownFileType = sourcecode.swift; path = MoreViewController.swift; sourceTree = "<group>"; };
		FC51F7362C455A7000439952 /* MoreViewModel.swift */ = {isa = PBXFileReference; lastKnownFileType = sourcecode.swift; path = MoreViewModel.swift; sourceTree = "<group>"; };
		FC51F7382C455EB600439952 /* MoreTVCell.swift */ = {isa = PBXFileReference; lastKnownFileType = sourcecode.swift; path = MoreTVCell.swift; sourceTree = "<group>"; };
		FC51F73B2C48079400439952 /* CommnetsVC.swift */ = {isa = PBXFileReference; lastKnownFileType = sourcecode.swift; path = CommnetsVC.swift; sourceTree = "<group>"; };
		FC51F73D2C4807A400439952 /* CommentsVM.swift */ = {isa = PBXFileReference; lastKnownFileType = sourcecode.swift; path = CommentsVM.swift; sourceTree = "<group>"; };
		FC94B9E92C33E34F0073A0F7 /* InputTextField.swift */ = {isa = PBXFileReference; lastKnownFileType = sourcecode.swift; path = InputTextField.swift; sourceTree = "<group>"; };
		FC94B9EC2C33E4BC0073A0F7 /* SecureTextField.swift */ = {isa = PBXFileReference; lastKnownFileType = sourcecode.swift; path = SecureTextField.swift; sourceTree = "<group>"; };
		FC94B9F52C33E5AC0073A0F7 /* en */ = {isa = PBXFileReference; lastKnownFileType = text.plist.strings; name = en; path = en.lproj/Localizable.strings; sourceTree = "<group>"; };
		FC94B9F72C33E5BD0073A0F7 /* az */ = {isa = PBXFileReference; lastKnownFileType = text.plist.strings; name = az; path = az.lproj/Localizable.strings; sourceTree = "<group>"; };
		FC94B9FA2C33E7A00073A0F7 /* BaseButton.swift */ = {isa = PBXFileReference; lastKnownFileType = sourcecode.swift; path = BaseButton.swift; sourceTree = "<group>"; };
		FC94B9FE2C33EC780073A0F7 /* LocalizationService.swift */ = {isa = PBXFileReference; lastKnownFileType = sourcecode.swift; path = LocalizationService.swift; sourceTree = "<group>"; };
		FC94BA012C33ECBB0073A0F7 /* String+Ex.swift */ = {isa = PBXFileReference; lastKnownFileType = sourcecode.swift; path = "String+Ex.swift"; sourceTree = "<group>"; };
		FC94BA052C33F5BB0073A0F7 /* LoginViewModel.swift */ = {isa = PBXFileReference; lastKnownFileType = sourcecode.swift; path = LoginViewModel.swift; sourceTree = "<group>"; };
		FC94BA082C33F5D10073A0F7 /* RegisterViewController.swift */ = {isa = PBXFileReference; lastKnownFileType = sourcecode.swift; path = RegisterViewController.swift; sourceTree = "<group>"; };
		FC94BA0A2C33F5DB0073A0F7 /* RegisterViewModel.swift */ = {isa = PBXFileReference; lastKnownFileType = sourcecode.swift; path = RegisterViewModel.swift; sourceTree = "<group>"; };
		FC94BA0D2C33F5FB0073A0F7 /* BaseViewController.swift */ = {isa = PBXFileReference; lastKnownFileType = sourcecode.swift; path = BaseViewController.swift; sourceTree = "<group>"; };
		FC94BA102C33F6530073A0F7 /* Router.swift */ = {isa = PBXFileReference; lastKnownFileType = sourcecode.swift; path = Router.swift; sourceTree = "<group>"; };
		FC94BA122C33FCC00073A0F7 /* GoogleService-Info.plist */ = {isa = PBXFileReference; fileEncoding = 4; lastKnownFileType = text.plist.xml; path = "GoogleService-Info.plist"; sourceTree = "<group>"; };
		FC94BA1E2C33FDF40073A0F7 /* AuthService.swift */ = {isa = PBXFileReference; lastKnownFileType = sourcecode.swift; path = AuthService.swift; sourceTree = "<group>"; };
		FCF9CC142C48406C00485DE9 /* LeftImageTitleSubtitleCell.swift */ = {isa = PBXFileReference; lastKnownFileType = sourcecode.swift; path = LeftImageTitleSubtitleCell.swift; sourceTree = "<group>"; };
		FCF9CC162C48ECFD00485DE9 /* CenterTitleCVCell.swift */ = {isa = PBXFileReference; lastKnownFileType = sourcecode.swift; path = CenterTitleCVCell.swift; sourceTree = "<group>"; };
		FCF9CC192C48F7AE00485DE9 /* ActivityService.swift */ = {isa = PBXFileReference; lastKnownFileType = sourcecode.swift; path = ActivityService.swift; sourceTree = "<group>"; };
		FCF9CC1D2C49C5CD00485DE9 /* LikedViewController.swift */ = {isa = PBXFileReference; lastKnownFileType = sourcecode.swift; path = LikedViewController.swift; sourceTree = "<group>"; };
		FCF9CC212C4A92D900485DE9 /* CenterInputButtonView.swift */ = {isa = PBXFileReference; lastKnownFileType = sourcecode.swift; path = CenterInputButtonView.swift; sourceTree = "<group>"; };
		FCF9CC242C4B1DEF00485DE9 /* InitialViewController.swift */ = {isa = PBXFileReference; lastKnownFileType = sourcecode.swift; path = InitialViewController.swift; sourceTree = "<group>"; };
/* End PBXFileReference section */

/* Begin PBXFrameworksBuildPhase section */
		FC3E336D2C32D41D0044AB2A /* Frameworks */ = {
			isa = PBXFrameworksBuildPhase;
			buildActionMask = 2147483647;
			files = (
				FC51F7222C3DB3D000439952 /* Kingfisher in Frameworks */,
				FC51F71F2C3DAA0B00439952 /* FirebaseFirestoreSwift in Frameworks */,
				FC94B9F02C33E55D0073A0F7 /* SnapKit in Frameworks */,
				FC51F71D2C3DA1CC00439952 /* FirebaseStorage in Frameworks */,
				FC51F7192C3DA1BB00439952 /* FirebaseAuth in Frameworks */,
				FC51F71B2C3DA1C100439952 /* FirebaseFirestore in Frameworks */,
			);
			runOnlyForDeploymentPostprocessing = 0;
		};
/* End PBXFrameworksBuildPhase section */

/* Begin PBXGroup section */
		FC3E33672C32D41D0044AB2A = {
			isa = PBXGroup;
			children = (
				FC3E33722C32D41D0044AB2A /* MyThreads */,
				FC3E33712C32D41D0044AB2A /* Products */,
				FC51F7172C3DA1BB00439952 /* Frameworks */,
			);
			sourceTree = "<group>";
		};
		FC3E33712C32D41D0044AB2A /* Products */ = {
			isa = PBXGroup;
			children = (
				FC3E33702C32D41D0044AB2A /* MyThreads.app */,
			);
			name = Products;
			sourceTree = "<group>";
		};
		FC3E33722C32D41D0044AB2A /* MyThreads */ = {
			isa = PBXGroup;
			children = (
				FC94BA0F2C33F6490073A0F7 /* Router */,
				FC94BA0C2C33F5ED0073A0F7 /* Base */,
				FC94BA032C33F5A70073A0F7 /* Screens */,
				FC94BA002C33ECA50073A0F7 /* Utils */,
				FC94B9FC2C33EC550073A0F7 /* Services */,
				FC94B9F82C33E77F0073A0F7 /* CustomUIElements */,
				FC94B9F12C33E5800073A0F7 /* Localization */,
				FC94BA122C33FCC00073A0F7 /* GoogleService-Info.plist */,
				FC3E337C2C32D41F0044AB2A /* Assets.xcassets */,
				FC3E337E2C32D41F0044AB2A /* LaunchScreen.storyboard */,
				FC3E33812C32D41F0044AB2A /* Info.plist */,
			);
			path = MyThreads;
			sourceTree = "<group>";
		};
		FC429FB02C34409700100F2E /* TabBarMain */ = {
			isa = PBXGroup;
			children = (
				FC429FB22C3440EC00100F2E /* TabBarController.swift */,
			);
			path = TabBarMain;
			sourceTree = "<group>";
		};
		FC429FB12C3440A000100F2E /* TabBarIndex */ = {
			isa = PBXGroup;
			children = (
				FC429FB82C34420100100F2E /* Profile */,
				FC429FB72C3441ED00100F2E /* Notification */,
				FC429FB62C3441E600100F2E /* Upload */,
				FC429FB52C3441D900100F2E /* Search */,
				FC429FB42C3441D300100F2E /* Feed */,
			);
			path = TabBarIndex;
			sourceTree = "<group>";
		};
		FC429FB42C3441D300100F2E /* Feed */ = {
			isa = PBXGroup;
			children = (
				FC51F73A2C48078100439952 /* CommentsVC */,
				FC429FB92C34421A00100F2E /* FeedViewController.swift */,
				FC429FBB2C34427300100F2E /* FeedViewModel.swift */,
				FC429FCD2C351FB700100F2E /* FeedTableViewCell.swift */,
			);
			path = Feed;
			sourceTree = "<group>";
		};
		FC429FB52C3441D900100F2E /* Search */ = {
			isa = PBXGroup;
			children = (
				FC429FBD2C3442AA00100F2E /* SearchViewController.swift */,
				FC429FC32C34432100100F2E /* SearchViewModel.swift */,
				FC429FD12C36711400100F2E /* LeftImageTitleButtonCell.swift */,
			);
			path = Search;
			sourceTree = "<group>";
		};
		FC429FB62C3441E600100F2E /* Upload */ = {
			isa = PBXGroup;
			children = (
				FC429FC12C3442FE00100F2E /* UploadViewModel.swift */,
				FC429FBF2C3442E100100F2E /* UploadViewController.swift */,
			);
			path = Upload;
			sourceTree = "<group>";
		};
		FC429FB72C3441ED00100F2E /* Notification */ = {
			isa = PBXGroup;
			children = (
				FC429FC52C34435100100F2E /* NotificationViewController.swift */,
				FC429FC72C34436E00100F2E /* NotificationViewModel.swift */,
				FCF9CC162C48ECFD00485DE9 /* CenterTitleCVCell.swift */,
			);
			path = Notification;
			sourceTree = "<group>";
		};
		FC429FB82C34420100100F2E /* Profile */ = {
			isa = PBXGroup;
			children = (
				FCF9CC1B2C49C56300485DE9 /* UserProfile */,
				FC51F7332C4557CE00439952 /* MoreViewController */,
				FC429FE02C36FE9A00100F2E /* EditProfile */,
				FC429FD32C367EC400100F2E /* ProfileHeaderView.swift */,
				FC429FD82C36BEC400100F2E /* ProfileThreadsFilter.swift */,
			);
			path = Profile;
			sourceTree = "<group>";
		};
		FC429FD52C368FE900100F2E /* CustomStackViews */ = {
			isa = PBXGroup;
			children = (
				FC429FD62C368FFF00100F2E /* CustomStackViews.swift */,
			);
			path = CustomStackViews;
			sourceTree = "<group>";
		};
		FC429FDA2C36C81500100F2E /* CustomUIViews */ = {
			isa = PBXGroup;
			children = (
				FC429FDB2C36C82A00100F2E /* CustomUIViews.swift */,
			);
			path = CustomUIViews;
			sourceTree = "<group>";
		};
		FC429FDD2C36F32100100F2E /* CustomTapGestureRecognizer */ = {
			isa = PBXGroup;
			children = (
				FC429FDE2C36F34200100F2E /* CustomTapGestureRecognizer.swift */,
			);
			path = CustomTapGestureRecognizer;
			sourceTree = "<group>";
		};
		FC429FE02C36FE9A00100F2E /* EditProfile */ = {
			isa = PBXGroup;
			children = (
				FC429FE12C36FEAF00100F2E /* EditProfileViewController.swift */,
				FC429FE82C3A624900100F2E /* EditProfileViewModel.swift */,
			);
			path = EditProfile;
			sourceTree = "<group>";
		};
		FC429FE32C37485500100F2E /* UserService */ = {
			isa = PBXGroup;
			children = (
				FC429FE42C3748CF00100F2E /* User.swift */,
				FC429FE62C374C8A00100F2E /* UserService.swift */,
			);
			path = UserService;
			sourceTree = "<group>";
		};
		FC429FEA2C3D70CE00100F2E /* StorageService */ = {
			isa = PBXGroup;
			children = (
				FC429FEB2C3D70E300100F2E /* StorageService.swift */,
			);
			path = StorageService;
			sourceTree = "<group>";
		};
		FC51F7172C3DA1BB00439952 /* Frameworks */ = {
			isa = PBXGroup;
			children = (
			);
			name = Frameworks;
			sourceTree = "<group>";
		};
		FC51F7232C3FECB900439952 /* CurrentUserProfile */ = {
			isa = PBXGroup;
			children = (
				FC429FC92C34439B00100F2E /* CurrentUserProfileViewController.swift */,
			);
			path = CurrentUserProfile;
			sourceTree = "<group>";
		};
		FC51F7242C3FECC400439952 /* GuestUserProfile */ = {
			isa = PBXGroup;
			children = (
				FC51F7252C3FECF500439952 /* GuestUserProfileViewController.swift */,
			);
			path = GuestUserProfile;
			sourceTree = "<group>";
		};
		FC51F72B2C42BFC500439952 /* ThreadsService */ = {
			isa = PBXGroup;
			children = (
				FC51F72C2C42BFD800439952 /* ThreadsService.swift */,
				FC51F72E2C42C01A00439952 /* Thread.swift */,
			);
			path = ThreadsService;
			sourceTree = "<group>";
		};
		FC51F7302C43B2B500439952 /* CustomUIImageView */ = {
			isa = PBXGroup;
			children = (
				FC51F7312C43B2D400439952 /* UserImageView .swift */,
			);
			path = CustomUIImageView;
			sourceTree = "<group>";
		};
		FC51F7332C4557CE00439952 /* MoreViewController */ = {
			isa = PBXGroup;
			children = (
				FCF9CC1C2C49C5AA00485DE9 /* LikedThreadsVC */,
				FC51F7342C455A4000439952 /* MoreViewController.swift */,
				FC51F7362C455A7000439952 /* MoreViewModel.swift */,
				FC51F7382C455EB600439952 /* MoreTVCell.swift */,
			);
			path = MoreViewController;
			sourceTree = "<group>";
		};
		FC51F73A2C48078100439952 /* CommentsVC */ = {
			isa = PBXGroup;
			children = (
				FC51F73B2C48079400439952 /* CommnetsVC.swift */,
				FC51F73D2C4807A400439952 /* CommentsVM.swift */,
				FCF9CC142C48406C00485DE9 /* LeftImageTitleSubtitleCell.swift */,
				FCF9CC212C4A92D900485DE9 /* CenterInputButtonView.swift */,
			);
			path = CommentsVC;
			sourceTree = "<group>";
		};
		FC94B9EB2C33E4A70073A0F7 /* CustomTextFields */ = {
			isa = PBXGroup;
			children = (
				FC94B9E92C33E34F0073A0F7 /* InputTextField.swift */,
				FC94B9EC2C33E4BC0073A0F7 /* SecureTextField.swift */,
			);
			path = CustomTextFields;
			sourceTree = "<group>";
		};
		FC94B9F12C33E5800073A0F7 /* Localization */ = {
			isa = PBXGroup;
			children = (
				FC94B9F62C33E5AC0073A0F7 /* Localizable.strings */,
			);
			path = Localization;
			sourceTree = "<group>";
		};
		FC94B9F82C33E77F0073A0F7 /* CustomUIElements */ = {
			isa = PBXGroup;
			children = (
				FC51F7302C43B2B500439952 /* CustomUIImageView */,
				FC429FDD2C36F32100100F2E /* CustomTapGestureRecognizer */,
				FC429FDA2C36C81500100F2E /* CustomUIViews */,
				FC429FD52C368FE900100F2E /* CustomStackViews */,
				FC94B9F92C33E78B0073A0F7 /* CustomButtons */,
				FC94B9EB2C33E4A70073A0F7 /* CustomTextFields */,
			);
			path = CustomUIElements;
			sourceTree = "<group>";
		};
		FC94B9F92C33E78B0073A0F7 /* CustomButtons */ = {
			isa = PBXGroup;
			children = (
				FC94B9FA2C33E7A00073A0F7 /* BaseButton.swift */,
			);
			path = CustomButtons;
			sourceTree = "<group>";
		};
		FC94B9FC2C33EC550073A0F7 /* Services */ = {
			isa = PBXGroup;
			children = (
				FCF9CC182C48F79D00485DE9 /* ActivityService */,
				FC51F72B2C42BFC500439952 /* ThreadsService */,
				FC429FEA2C3D70CE00100F2E /* StorageService */,
				FC429FE32C37485500100F2E /* UserService */,
				FC94BA1D2C33FDD90073A0F7 /* AuthService */,
				FC94B9FD2C33EC5E0073A0F7 /* LocalizationService */,
			);
			path = Services;
			sourceTree = "<group>";
		};
		FC94B9FD2C33EC5E0073A0F7 /* LocalizationService */ = {
			isa = PBXGroup;
			children = (
				FC94B9FE2C33EC780073A0F7 /* LocalizationService.swift */,
			);
			path = LocalizationService;
			sourceTree = "<group>";
		};
		FC94BA002C33ECA50073A0F7 /* Utils */ = {
			isa = PBXGroup;
			children = (
				FC94BA012C33ECBB0073A0F7 /* String+Ex.swift */,
				FC429FCF2C35200700100F2E /* UICollectionViewCell+Ex.swift */,
			);
			path = Utils;
			sourceTree = "<group>";
		};
		FC94BA032C33F5A70073A0F7 /* Screens */ = {
			isa = PBXGroup;
			children = (
				FCF9CC232C4B1DCE00485DE9 /* InitialViewController */,
				FC429FB12C3440A000100F2E /* TabBarIndex */,
				FC429FB02C34409700100F2E /* TabBarMain */,
				FC94BA072C33F5BE0073A0F7 /* Register */,
				FC94BA042C33F5AD0073A0F7 /* Login */,
			);
			path = Screens;
			sourceTree = "<group>";
		};
		FC94BA042C33F5AD0073A0F7 /* Login */ = {
			isa = PBXGroup;
			children = (
				FC3E33772C32D41D0044AB2A /* LoginViewController.swift */,
				FC94BA052C33F5BB0073A0F7 /* LoginViewModel.swift */,
			);
			path = Login;
			sourceTree = "<group>";
		};
		FC94BA072C33F5BE0073A0F7 /* Register */ = {
			isa = PBXGroup;
			children = (
				FC94BA082C33F5D10073A0F7 /* RegisterViewController.swift */,
				FC94BA0A2C33F5DB0073A0F7 /* RegisterViewModel.swift */,
			);
			path = Register;
			sourceTree = "<group>";
		};
		FC94BA0C2C33F5ED0073A0F7 /* Base */ = {
			isa = PBXGroup;
			children = (
				FC3E33732C32D41D0044AB2A /* AppDelegate.swift */,
				FC94BA0D2C33F5FB0073A0F7 /* BaseViewController.swift */,
			);
			path = Base;
			sourceTree = "<group>";
		};
		FC94BA0F2C33F6490073A0F7 /* Router */ = {
			isa = PBXGroup;
			children = (
				FC94BA102C33F6530073A0F7 /* Router.swift */,
			);
			path = Router;
			sourceTree = "<group>";
		};
		FC94BA1D2C33FDD90073A0F7 /* AuthService */ = {
			isa = PBXGroup;
			children = (
				FC94BA1E2C33FDF40073A0F7 /* AuthService.swift */,
			);
			path = AuthService;
			sourceTree = "<group>";
		};
		FCF9CC182C48F79D00485DE9 /* ActivityService */ = {
			isa = PBXGroup;
			children = (
				FCF9CC192C48F7AE00485DE9 /* ActivityService.swift */,
			);
			path = ActivityService;
			sourceTree = "<group>";
		};
		FCF9CC1B2C49C56300485DE9 /* UserProfile */ = {
			isa = PBXGroup;
			children = (
				FC51F7242C3FECC400439952 /* GuestUserProfile */,
				FC51F7232C3FECB900439952 /* CurrentUserProfile */,
				FC51F7272C3FED1C00439952 /* UserProfileViewModel.swift */,
			);
			path = UserProfile;
			sourceTree = "<group>";
		};
		FCF9CC1C2C49C5AA00485DE9 /* LikedThreadsVC */ = {
			isa = PBXGroup;
			children = (
				FCF9CC1D2C49C5CD00485DE9 /* LikedViewController.swift */,
			);
			path = LikedThreadsVC;
			sourceTree = "<group>";
		};
		FCF9CC232C4B1DCE00485DE9 /* InitialViewController */ = {
			isa = PBXGroup;
			children = (
				FCF9CC242C4B1DEF00485DE9 /* InitialViewController.swift */,
			);
			path = InitialViewController;
			sourceTree = "<group>";
		};
/* End PBXGroup section */

/* Begin PBXNativeTarget section */
		FC3E336F2C32D41D0044AB2A /* MyThreads */ = {
			isa = PBXNativeTarget;
			buildConfigurationList = FC3E33842C32D41F0044AB2A /* Build configuration list for PBXNativeTarget "MyThreads" */;
			buildPhases = (
				FC3E336C2C32D41D0044AB2A /* Sources */,
				FC3E336D2C32D41D0044AB2A /* Frameworks */,
				FC3E336E2C32D41D0044AB2A /* Resources */,
			);
			buildRules = (
			);
			dependencies = (
			);
			name = MyThreads;
			packageProductDependencies = (
				FC94B9EF2C33E55D0073A0F7 /* SnapKit */,
				FC51F7182C3DA1BB00439952 /* FirebaseAuth */,
				FC51F71A2C3DA1C100439952 /* FirebaseFirestore */,
				FC51F71C2C3DA1CC00439952 /* FirebaseStorage */,
				FC51F71E2C3DAA0B00439952 /* FirebaseFirestoreSwift */,
				FC51F7212C3DB3D000439952 /* Kingfisher */,
			);
			productName = MyThreads;
			productReference = FC3E33702C32D41D0044AB2A /* MyThreads.app */;
			productType = "com.apple.product-type.application";
		};
/* End PBXNativeTarget section */

/* Begin PBXProject section */
		FC3E33682C32D41D0044AB2A /* Project object */ = {
			isa = PBXProject;
			attributes = {
				BuildIndependentTargetsInParallel = 1;
				LastSwiftUpdateCheck = 1420;
				LastUpgradeCheck = 1420;
				TargetAttributes = {
					FC3E336F2C32D41D0044AB2A = {
						CreatedOnToolsVersion = 14.2;
					};
				};
			};
			buildConfigurationList = FC3E336B2C32D41D0044AB2A /* Build configuration list for PBXProject "MyThreads" */;
			compatibilityVersion = "Xcode 14.0";
			developmentRegion = en;
			hasScannedForEncodings = 0;
			knownRegions = (
				en,
				Base,
				az,
			);
			mainGroup = FC3E33672C32D41D0044AB2A;
			packageReferences = (
				FC94B9EE2C33E55D0073A0F7 /* XCRemoteSwiftPackageReference "SnapKit" */,
				FC51F7162C3DA19A00439952 /* XCRemoteSwiftPackageReference "firebase-ios-sdk" */,
				FC51F7202C3DB3D000439952 /* XCRemoteSwiftPackageReference "Kingfisher" */,
			);
			productRefGroup = FC3E33712C32D41D0044AB2A /* Products */;
			projectDirPath = "";
			projectRoot = "";
			targets = (
				FC3E336F2C32D41D0044AB2A /* MyThreads */,
			);
		};
/* End PBXProject section */

/* Begin PBXResourcesBuildPhase section */
		FC3E336E2C32D41D0044AB2A /* Resources */ = {
			isa = PBXResourcesBuildPhase;
			buildActionMask = 2147483647;
			files = (
				FC3E33802C32D41F0044AB2A /* LaunchScreen.storyboard in Resources */,
				FC94B9F42C33E5AC0073A0F7 /* Localizable.strings in Resources */,
				FC3E337D2C32D41F0044AB2A /* Assets.xcassets in Resources */,
				FC94BA132C33FCC00073A0F7 /* GoogleService-Info.plist in Resources */,
			);
			runOnlyForDeploymentPostprocessing = 0;
		};
/* End PBXResourcesBuildPhase section */

/* Begin PBXSourcesBuildPhase section */
		FC3E336C2C32D41D0044AB2A /* Sources */ = {
			isa = PBXSourcesBuildPhase;
			buildActionMask = 2147483647;
			files = (
				FC94BA092C33F5D10073A0F7 /* RegisterViewController.swift in Sources */,
				FC429FC82C34436E00100F2E /* NotificationViewModel.swift in Sources */,
				FC94BA0B2C33F5DB0073A0F7 /* RegisterViewModel.swift in Sources */,
				FCF9CC172C48ECFD00485DE9 /* CenterTitleCVCell.swift in Sources */,
				FC51F73C2C48079400439952 /* CommnetsVC.swift in Sources */,
				FC94BA0E2C33F5FB0073A0F7 /* BaseViewController.swift in Sources */,
				FC429FDF2C36F34200100F2E /* CustomTapGestureRecognizer.swift in Sources */,
				FC429FCE2C351FB700100F2E /* FeedTableViewCell.swift in Sources */,
				FC429FD92C36BEC400100F2E /* ProfileThreadsFilter.swift in Sources */,
				FC429FBE2C3442AA00100F2E /* SearchViewController.swift in Sources */,
				FC94B9ED2C33E4BC0073A0F7 /* SecureTextField.swift in Sources */,
				FC429FD22C36711400100F2E /* LeftImageTitleButtonCell.swift in Sources */,
				FC429FE22C36FEAF00100F2E /* EditProfileViewController.swift in Sources */,
				FC51F72F2C42C01A00439952 /* Thread.swift in Sources */,
				FCF9CC1E2C49C5CD00485DE9 /* LikedViewController.swift in Sources */,
				FC94BA112C33F6530073A0F7 /* Router.swift in Sources */,
				FC429FC42C34432100100F2E /* SearchViewModel.swift in Sources */,
				FC429FD42C367EC400100F2E /* ProfileHeaderView.swift in Sources */,
				FC94B9FB2C33E7A00073A0F7 /* BaseButton.swift in Sources */,
				FC51F7372C455A7000439952 /* MoreViewModel.swift in Sources */,
				FC51F73E2C4807A400439952 /* CommentsVM.swift in Sources */,
				FC429FD72C368FFF00100F2E /* CustomStackViews.swift in Sources */,
				FC94BA1F2C33FDF40073A0F7 /* AuthService.swift in Sources */,
				FC429FBA2C34421A00100F2E /* FeedViewController.swift in Sources */,
				FC429FD02C35200700100F2E /* UICollectionViewCell+Ex.swift in Sources */,
				FC94BA022C33ECBB0073A0F7 /* String+Ex.swift in Sources */,
				FC51F72D2C42BFD800439952 /* ThreadsService.swift in Sources */,
				FCF9CC252C4B1DEF00485DE9 /* InitialViewController.swift in Sources */,
				FC429FE72C374C8A00100F2E /* UserService.swift in Sources */,
				FC51F7392C455EB600439952 /* MoreTVCell.swift in Sources */,
				FC94B9FF2C33EC780073A0F7 /* LocalizationService.swift in Sources */,
				FC94BA062C33F5BB0073A0F7 /* LoginViewModel.swift in Sources */,
				FC429FE92C3A624900100F2E /* EditProfileViewModel.swift in Sources */,
				FC3E33782C32D41D0044AB2A /* LoginViewController.swift in Sources */,
				FC429FE52C3748CF00100F2E /* User.swift in Sources */,
				FCF9CC222C4A92D900485DE9 /* CenterInputButtonView.swift in Sources */,
				FC429FCA2C34439B00100F2E /* CurrentUserProfileViewController.swift in Sources */,
				FC51F7282C3FED1C00439952 /* UserProfileViewModel.swift in Sources */,
				FC51F7262C3FECF500439952 /* GuestUserProfileViewController.swift in Sources */,
				FC429FC02C3442E100100F2E /* UploadViewController.swift in Sources */,
				FC429FB32C3440EC00100F2E /* TabBarController.swift in Sources */,
				FC94B9EA2C33E34F0073A0F7 /* InputTextField.swift in Sources */,
				FC429FC62C34435100100F2E /* NotificationViewController.swift in Sources */,
				FC51F7352C455A4000439952 /* MoreViewController.swift in Sources */,
				FC51F7322C43B2D400439952 /* UserImageView .swift in Sources */,
				FC429FBC2C34427300100F2E /* FeedViewModel.swift in Sources */,
				FCF9CC152C48406C00485DE9 /* LeftImageTitleSubtitleCell.swift in Sources */,
				FCF9CC1A2C48F7AE00485DE9 /* ActivityService.swift in Sources */,
				FC429FDC2C36C82A00100F2E /* CustomUIViews.swift in Sources */,
				FC429FEC2C3D70E300100F2E /* StorageService.swift in Sources */,
				FC3E33742C32D41D0044AB2A /* AppDelegate.swift in Sources */,
				FC429FC22C3442FE00100F2E /* UploadViewModel.swift in Sources */,
			);
			runOnlyForDeploymentPostprocessing = 0;
		};
/* End PBXSourcesBuildPhase section */

/* Begin PBXVariantGroup section */
		FC3E337E2C32D41F0044AB2A /* LaunchScreen.storyboard */ = {
			isa = PBXVariantGroup;
			children = (
				FC3E337F2C32D41F0044AB2A /* Base */,
			);
			name = LaunchScreen.storyboard;
			sourceTree = "<group>";
		};
		FC94B9F62C33E5AC0073A0F7 /* Localizable.strings */ = {
			isa = PBXVariantGroup;
			children = (
				FC94B9F52C33E5AC0073A0F7 /* en */,
				FC94B9F72C33E5BD0073A0F7 /* az */,
			);
			name = Localizable.strings;
			sourceTree = "<group>";
		};
/* End PBXVariantGroup section */

/* Begin XCBuildConfiguration section */
		FC3E33822C32D41F0044AB2A /* Debug */ = {
			isa = XCBuildConfiguration;
			buildSettings = {
				ALWAYS_SEARCH_USER_PATHS = NO;
				CLANG_ANALYZER_LOCALIZABILITY_NONLOCALIZED = YES;
				CLANG_ANALYZER_NONNULL = YES;
				CLANG_ANALYZER_NUMBER_OBJECT_CONVERSION = YES_AGGRESSIVE;
				CLANG_CXX_LANGUAGE_STANDARD = "gnu++20";
				CLANG_ENABLE_MODULES = YES;
				CLANG_ENABLE_OBJC_ARC = YES;
				CLANG_ENABLE_OBJC_WEAK = YES;
				CLANG_WARN_BLOCK_CAPTURE_AUTORELEASING = YES;
				CLANG_WARN_BOOL_CONVERSION = YES;
				CLANG_WARN_COMMA = YES;
				CLANG_WARN_CONSTANT_CONVERSION = YES;
				CLANG_WARN_DEPRECATED_OBJC_IMPLEMENTATIONS = YES;
				CLANG_WARN_DIRECT_OBJC_ISA_USAGE = YES_ERROR;
				CLANG_WARN_DOCUMENTATION_COMMENTS = YES;
				CLANG_WARN_EMPTY_BODY = YES;
				CLANG_WARN_ENUM_CONVERSION = YES;
				CLANG_WARN_INFINITE_RECURSION = YES;
				CLANG_WARN_INT_CONVERSION = YES;
				CLANG_WARN_NON_LITERAL_NULL_CONVERSION = YES;
				CLANG_WARN_OBJC_IMPLICIT_RETAIN_SELF = YES;
				CLANG_WARN_OBJC_LITERAL_CONVERSION = YES;
				CLANG_WARN_OBJC_ROOT_CLASS = YES_ERROR;
				CLANG_WARN_QUOTED_INCLUDE_IN_FRAMEWORK_HEADER = YES;
				CLANG_WARN_RANGE_LOOP_ANALYSIS = YES;
				CLANG_WARN_STRICT_PROTOTYPES = YES;
				CLANG_WARN_SUSPICIOUS_MOVE = YES;
				CLANG_WARN_UNGUARDED_AVAILABILITY = YES_AGGRESSIVE;
				CLANG_WARN_UNREACHABLE_CODE = YES;
				CLANG_WARN__DUPLICATE_METHOD_MATCH = YES;
				COPY_PHASE_STRIP = NO;
				DEBUG_INFORMATION_FORMAT = dwarf;
				ENABLE_STRICT_OBJC_MSGSEND = YES;
				ENABLE_TESTABILITY = YES;
				GCC_C_LANGUAGE_STANDARD = gnu11;
				GCC_DYNAMIC_NO_PIC = NO;
				GCC_NO_COMMON_BLOCKS = YES;
				GCC_OPTIMIZATION_LEVEL = 0;
				GCC_PREPROCESSOR_DEFINITIONS = (
					"DEBUG=1",
					"$(inherited)",
				);
				GCC_WARN_64_TO_32_BIT_CONVERSION = YES;
				GCC_WARN_ABOUT_RETURN_TYPE = YES_ERROR;
				GCC_WARN_UNDECLARED_SELECTOR = YES;
				GCC_WARN_UNINITIALIZED_AUTOS = YES_AGGRESSIVE;
				GCC_WARN_UNUSED_FUNCTION = YES;
				GCC_WARN_UNUSED_VARIABLE = YES;
				IPHONEOS_DEPLOYMENT_TARGET = 16.2;
				MTL_ENABLE_DEBUG_INFO = INCLUDE_SOURCE;
				MTL_FAST_MATH = YES;
				ONLY_ACTIVE_ARCH = YES;
				SDKROOT = iphoneos;
				SWIFT_ACTIVE_COMPILATION_CONDITIONS = DEBUG;
				SWIFT_OPTIMIZATION_LEVEL = "-Onone";
			};
			name = Debug;
		};
		FC3E33832C32D41F0044AB2A /* Release */ = {
			isa = XCBuildConfiguration;
			buildSettings = {
				ALWAYS_SEARCH_USER_PATHS = NO;
				CLANG_ANALYZER_LOCALIZABILITY_NONLOCALIZED = YES;
				CLANG_ANALYZER_NONNULL = YES;
				CLANG_ANALYZER_NUMBER_OBJECT_CONVERSION = YES_AGGRESSIVE;
				CLANG_CXX_LANGUAGE_STANDARD = "gnu++20";
				CLANG_ENABLE_MODULES = YES;
				CLANG_ENABLE_OBJC_ARC = YES;
				CLANG_ENABLE_OBJC_WEAK = YES;
				CLANG_WARN_BLOCK_CAPTURE_AUTORELEASING = YES;
				CLANG_WARN_BOOL_CONVERSION = YES;
				CLANG_WARN_COMMA = YES;
				CLANG_WARN_CONSTANT_CONVERSION = YES;
				CLANG_WARN_DEPRECATED_OBJC_IMPLEMENTATIONS = YES;
				CLANG_WARN_DIRECT_OBJC_ISA_USAGE = YES_ERROR;
				CLANG_WARN_DOCUMENTATION_COMMENTS = YES;
				CLANG_WARN_EMPTY_BODY = YES;
				CLANG_WARN_ENUM_CONVERSION = YES;
				CLANG_WARN_INFINITE_RECURSION = YES;
				CLANG_WARN_INT_CONVERSION = YES;
				CLANG_WARN_NON_LITERAL_NULL_CONVERSION = YES;
				CLANG_WARN_OBJC_IMPLICIT_RETAIN_SELF = YES;
				CLANG_WARN_OBJC_LITERAL_CONVERSION = YES;
				CLANG_WARN_OBJC_ROOT_CLASS = YES_ERROR;
				CLANG_WARN_QUOTED_INCLUDE_IN_FRAMEWORK_HEADER = YES;
				CLANG_WARN_RANGE_LOOP_ANALYSIS = YES;
				CLANG_WARN_STRICT_PROTOTYPES = YES;
				CLANG_WARN_SUSPICIOUS_MOVE = YES;
				CLANG_WARN_UNGUARDED_AVAILABILITY = YES_AGGRESSIVE;
				CLANG_WARN_UNREACHABLE_CODE = YES;
				CLANG_WARN__DUPLICATE_METHOD_MATCH = YES;
				COPY_PHASE_STRIP = NO;
				DEBUG_INFORMATION_FORMAT = "dwarf-with-dsym";
				ENABLE_NS_ASSERTIONS = NO;
				ENABLE_STRICT_OBJC_MSGSEND = YES;
				GCC_C_LANGUAGE_STANDARD = gnu11;
				GCC_NO_COMMON_BLOCKS = YES;
				GCC_WARN_64_TO_32_BIT_CONVERSION = YES;
				GCC_WARN_ABOUT_RETURN_TYPE = YES_ERROR;
				GCC_WARN_UNDECLARED_SELECTOR = YES;
				GCC_WARN_UNINITIALIZED_AUTOS = YES_AGGRESSIVE;
				GCC_WARN_UNUSED_FUNCTION = YES;
				GCC_WARN_UNUSED_VARIABLE = YES;
				IPHONEOS_DEPLOYMENT_TARGET = 16.2;
				MTL_ENABLE_DEBUG_INFO = NO;
				MTL_FAST_MATH = YES;
				SDKROOT = iphoneos;
				SWIFT_COMPILATION_MODE = wholemodule;
				SWIFT_OPTIMIZATION_LEVEL = "-O";
				VALIDATE_PRODUCT = YES;
			};
			name = Release;
		};
		FC3E33852C32D41F0044AB2A /* Debug */ = {
			isa = XCBuildConfiguration;
			buildSettings = {
				ASSETCATALOG_COMPILER_APPICON_NAME = AppIcon;
				ASSETCATALOG_COMPILER_GLOBAL_ACCENT_COLOR_NAME = AccentColor;
				CODE_SIGN_STYLE = Automatic;
				CURRENT_PROJECT_VERSION = 1;
				DEVELOPMENT_TEAM = V893D9G2H6;
				GENERATE_INFOPLIST_FILE = YES;
				INFOPLIST_FILE = MyThreads/Info.plist;
				INFOPLIST_KEY_UIApplicationSupportsIndirectInputEvents = YES;
				INFOPLIST_KEY_UILaunchStoryboardName = LaunchScreen;
				INFOPLIST_KEY_UISupportedInterfaceOrientations_iPad = "UIInterfaceOrientationPortrait UIInterfaceOrientationPortraitUpsideDown UIInterfaceOrientationLandscapeLeft UIInterfaceOrientationLandscapeRight";
				INFOPLIST_KEY_UISupportedInterfaceOrientations_iPhone = "UIInterfaceOrientationPortrait UIInterfaceOrientationLandscapeLeft UIInterfaceOrientationLandscapeRight";
				LD_RUNPATH_SEARCH_PATHS = (
					"$(inherited)",
					"@executable_path/Frameworks",
				);
				MARKETING_VERSION = 1.0;
				PRODUCT_BUNDLE_IDENTIFIER = com.hasanbayliveysal.MyThreads;
				PRODUCT_NAME = "$(TARGET_NAME)";
				SWIFT_EMIT_LOC_STRINGS = YES;
				SWIFT_VERSION = 5.0;
				TARGETED_DEVICE_FAMILY = "1,2";
			};
			name = Debug;
		};
		FC3E33862C32D41F0044AB2A /* Release */ = {
			isa = XCBuildConfiguration;
			buildSettings = {
				ASSETCATALOG_COMPILER_APPICON_NAME = AppIcon;
				ASSETCATALOG_COMPILER_GLOBAL_ACCENT_COLOR_NAME = AccentColor;
				CODE_SIGN_STYLE = Automatic;
				CURRENT_PROJECT_VERSION = 1;
				DEVELOPMENT_TEAM = V893D9G2H6;
				GENERATE_INFOPLIST_FILE = YES;
				INFOPLIST_FILE = MyThreads/Info.plist;
				INFOPLIST_KEY_UIApplicationSupportsIndirectInputEvents = YES;
				INFOPLIST_KEY_UILaunchStoryboardName = LaunchScreen;
				INFOPLIST_KEY_UISupportedInterfaceOrientations_iPad = "UIInterfaceOrientationPortrait UIInterfaceOrientationPortraitUpsideDown UIInterfaceOrientationLandscapeLeft UIInterfaceOrientationLandscapeRight";
				INFOPLIST_KEY_UISupportedInterfaceOrientations_iPhone = "UIInterfaceOrientationPortrait UIInterfaceOrientationLandscapeLeft UIInterfaceOrientationLandscapeRight";
				LD_RUNPATH_SEARCH_PATHS = (
					"$(inherited)",
					"@executable_path/Frameworks",
				);
				MARKETING_VERSION = 1.0;
				PRODUCT_BUNDLE_IDENTIFIER = com.hasanbayliveysal.MyThreads;
				PRODUCT_NAME = "$(TARGET_NAME)";
				SWIFT_EMIT_LOC_STRINGS = YES;
				SWIFT_VERSION = 5.0;
				TARGETED_DEVICE_FAMILY = "1,2";
			};
			name = Release;
		};
/* End XCBuildConfiguration section */

/* Begin XCConfigurationList section */
		FC3E336B2C32D41D0044AB2A /* Build configuration list for PBXProject "MyThreads" */ = {
			isa = XCConfigurationList;
			buildConfigurations = (
				FC3E33822C32D41F0044AB2A /* Debug */,
				FC3E33832C32D41F0044AB2A /* Release */,
			);
			defaultConfigurationIsVisible = 0;
			defaultConfigurationName = Release;
		};
		FC3E33842C32D41F0044AB2A /* Build configuration list for PBXNativeTarget "MyThreads" */ = {
			isa = XCConfigurationList;
			buildConfigurations = (
				FC3E33852C32D41F0044AB2A /* Debug */,
				FC3E33862C32D41F0044AB2A /* Release */,
			);
			defaultConfigurationIsVisible = 0;
			defaultConfigurationName = Release;
		};
/* End XCConfigurationList section */

/* Begin XCRemoteSwiftPackageReference section */
		FC51F7162C3DA19A00439952 /* XCRemoteSwiftPackageReference "firebase-ios-sdk" */ = {
			isa = XCRemoteSwiftPackageReference;
			repositoryURL = "https://github.com/firebase/firebase-ios-sdk.git";
			requirement = {
				kind = versionRange;
				maximumVersion = 10.0.0;
				minimumVersion = 7.0.0;
			};
		};
		FC51F7202C3DB3D000439952 /* XCRemoteSwiftPackageReference "Kingfisher" */ = {
			isa = XCRemoteSwiftPackageReference;
			repositoryURL = "https://github.com/onevcat/Kingfisher";
			requirement = {
				kind = upToNextMajorVersion;
				minimumVersion = 7.0.0;
			};
		};
		FC94B9EE2C33E55D0073A0F7 /* XCRemoteSwiftPackageReference "SnapKit" */ = {
			isa = XCRemoteSwiftPackageReference;
			repositoryURL = "https://github.com/SnapKit/SnapKit";
			requirement = {
				kind = upToNextMajorVersion;
				minimumVersion = 5.0.0;
			};
		};
/* End XCRemoteSwiftPackageReference section */

/* Begin XCSwiftPackageProductDependency section */
		FC51F7182C3DA1BB00439952 /* FirebaseAuth */ = {
			isa = XCSwiftPackageProductDependency;
			package = FC51F7162C3DA19A00439952 /* XCRemoteSwiftPackageReference "firebase-ios-sdk" */;
			productName = FirebaseAuth;
		};
		FC51F71A2C3DA1C100439952 /* FirebaseFirestore */ = {
			isa = XCSwiftPackageProductDependency;
			package = FC51F7162C3DA19A00439952 /* XCRemoteSwiftPackageReference "firebase-ios-sdk" */;
			productName = FirebaseFirestore;
		};
		FC51F71C2C3DA1CC00439952 /* FirebaseStorage */ = {
			isa = XCSwiftPackageProductDependency;
			package = FC51F7162C3DA19A00439952 /* XCRemoteSwiftPackageReference "firebase-ios-sdk" */;
			productName = FirebaseStorage;
		};
		FC51F71E2C3DAA0B00439952 /* FirebaseFirestoreSwift */ = {
			isa = XCSwiftPackageProductDependency;
			package = FC51F7162C3DA19A00439952 /* XCRemoteSwiftPackageReference "firebase-ios-sdk" */;
			productName = FirebaseFirestoreSwift;
		};
		FC51F7212C3DB3D000439952 /* Kingfisher */ = {
			isa = XCSwiftPackageProductDependency;
			package = FC51F7202C3DB3D000439952 /* XCRemoteSwiftPackageReference "Kingfisher" */;
			productName = Kingfisher;
		};
		FC94B9EF2C33E55D0073A0F7 /* SnapKit */ = {
			isa = XCSwiftPackageProductDependency;
			package = FC94B9EE2C33E55D0073A0F7 /* XCRemoteSwiftPackageReference "SnapKit" */;
			productName = SnapKit;
		};
/* End XCSwiftPackageProductDependency section */
	};
	rootObject = FC3E33682C32D41D0044AB2A /* Project object */;
}
